
Microsoft Visual Studio Solution File, Format Version 12.00
# Visual Studio Version 17
VisualStudioVersion = 17.0.31903.59
MinimumVisualStudioVersion = 10.0.40219.1
Project("{FAE04EC0-301F-11D3-BF4B-00C04F79EFBC}") = "Text.Tests", "Text.Tests\Text.Tests.csproj", "{8A950271-FE12-40BE-9C15-53A255F191A5}"
EndProject
Project("{FAE04EC0-301F-11D3-BF4B-00C04F79EFBC}") = "Text", "Text\Text.csproj", "{39B10226-F617-409A-8635-A5E79BF6B07E}"
EndProject
Global
	GlobalSection(SolutionConfigurationPlatforms) = preSolution
		Debug|Any CPU = Debug|Any CPU
		Release|Any CPU = Release|Any CPU
	EndGlobalSection
	GlobalSection(SolutionProperties) = preSolution
		HideSolutionNode = FALSE
	EndGlobalSection
	GlobalSection(ProjectConfigurationPlatforms) = postSolution
		{8A950271-FE12-40BE-9C15-53A255F191A5}.Debug|Any CPU.ActiveCfg = Debug|Any CPU
		{8A950271-FE12-40BE-9C15-53A255F191A5}.Debug|Any CPU.Build.0 = Debug|Any CPU
		{8A950271-FE12-40BE-9C15-53A255F191A5}.Release|Any CPU.ActiveCfg = Release|Any CPU
		{8A950271-FE12-40BE-9C15-53A255F191A5}.Release|Any CPU.Build.0 = Release|Any CPU
		{39B10226-F617-409A-8635-A5E79BF6B07E}.Debug|Any CPU.ActiveCfg = Debug|Any CPU
		{39B10226-F617-409A-8635-A5E79BF6B07E}.Debug|Any CPU.Build.0 = Debug|Any CPU
		{39B10226-F617-409A-8635-A5E79BF6B07E}.Release|Any CPU.ActiveCfg = Release|Any CPU
		{39B10226-F617-409A-8635-A5E79BF6B07E}.Release|Any CPU.Build.0 = Release|Any CPU
	EndGlobalSection
EndGlobal
