
Microsoft Visual Studio Solution File, Format Version 12.00
# Visual Studio Version 17
VisualStudioVersion = 17.0.31903.59
MinimumVisualStudioVersion = 10.0.40219.1
Project("{FAE04EC0-301F-11D3-BF4B-00C04F79EFBC}") = "MyMath.Tests", "MyMath.Tests\MyMath.Tests.csproj", "{CFA2314E-C0B5-4C56-BE11-0635BFB464B0}"
EndProject
Project("{FAE04EC0-301F-11D3-BF4B-00C04F79EFBC}") = "MyMath", "MyMath\MyMath.csproj", "{30FF3B58-0944-4BD6-8336-3BE963A711C0}"
EndProject
Global
	GlobalSection(SolutionConfigurationPlatforms) = preSolution
		Debug|Any CPU = Debug|Any CPU
		Release|Any CPU = Release|Any CPU
	EndGlobalSection
	GlobalSection(SolutionProperties) = preSolution
		HideSolutionNode = FALSE
	EndGlobalSection
	GlobalSection(ProjectConfigurationPlatforms) = postSolution
		{CFA2314E-C0B5-4C56-BE11-0635BFB464B0}.Debug|Any CPU.ActiveCfg = Debug|Any CPU
		{CFA2314E-C0B5-4C56-BE11-0635BFB464B0}.Debug|Any CPU.Build.0 = Debug|Any CPU
		{CFA2314E-C0B5-4C56-BE11-0635BFB464B0}.Release|Any CPU.ActiveCfg = Release|Any CPU
		{CFA2314E-C0B5-4C56-BE11-0635BFB464B0}.Release|Any CPU.Build.0 = Release|Any CPU
		{30FF3B58-0944-4BD6-8336-3BE963A711C0}.Debug|Any CPU.ActiveCfg = Debug|Any CPU
		{30FF3B58-0944-4BD6-8336-3BE963A711C0}.Debug|Any CPU.Build.0 = Debug|Any CPU
		{30FF3B58-0944-4BD6-8336-3BE963A711C0}.Release|Any CPU.ActiveCfg = Release|Any CPU
		{30FF3B58-0944-4BD6-8336-3BE963A711C0}.Release|Any CPU.Build.0 = Release|Any CPU
	EndGlobalSection
EndGlobal
