
Microsoft Visual Studio Solution File, Format Version 12.00
# Visual Studio Version 17
VisualStudioVersion = 17.0.31903.59
MinimumVisualStudioVersion = 10.0.40219.1
Project("{FAE04EC0-301F-11D3-BF4B-00C04F79EFBC}") = "Text", "Text\Text.csproj", "{A28DBF62-A585-4075-8E73-C5904D54A609}"
EndProject
Project("{FAE04EC0-301F-11D3-BF4B-00C04F79EFBC}") = "Text.Tests", "Text.Tests\Text.Tests.csproj", "{AEAB0BBF-380E-44D5-9D77-C2B6E8062756}"
EndProject
Global
	GlobalSection(SolutionConfigurationPlatforms) = preSolution
		Debug|Any CPU = Debug|Any CPU
		Release|Any CPU = Release|Any CPU
	EndGlobalSection
	GlobalSection(SolutionProperties) = preSolution
		HideSolutionNode = FALSE
	EndGlobalSection
	GlobalSection(ProjectConfigurationPlatforms) = postSolution
		{A28DBF62-A585-4075-8E73-C5904D54A609}.Debug|Any CPU.ActiveCfg = Debug|Any CPU
		{A28DBF62-A585-4075-8E73-C5904D54A609}.Debug|Any CPU.Build.0 = Debug|Any CPU
		{A28DBF62-A585-4075-8E73-C5904D54A609}.Release|Any CPU.ActiveCfg = Release|Any CPU
		{A28DBF62-A585-4075-8E73-C5904D54A609}.Release|Any CPU.Build.0 = Release|Any CPU
		{AEAB0BBF-380E-44D5-9D77-C2B6E8062756}.Debug|Any CPU.ActiveCfg = Debug|Any CPU
		{AEAB0BBF-380E-44D5-9D77-C2B6E8062756}.Debug|Any CPU.Build.0 = Debug|Any CPU
		{AEAB0BBF-380E-44D5-9D77-C2B6E8062756}.Release|Any CPU.ActiveCfg = Release|Any CPU
		{AEAB0BBF-380E-44D5-9D77-C2B6E8062756}.Release|Any CPU.Build.0 = Release|Any CPU
	EndGlobalSection
EndGlobal
